# THIS IS AN AUTOGENERATED FILE. DO NOT EDIT THIS FILE DIRECTLY.
# yarn lockfile v1


"@babel/code-frame@7.12.11":
  version "7.12.11"
  resolved "https://registry.yarnpkg.com/@babel/code-frame/-/code-frame-7.12.11.tgz#f4ad435aa263db935b8f10f2c552d23fb716a63f"
  integrity sha512-Zt1yodBx1UcyiePMSkWnU4hPqhwq7hGi2nFL1LeA3EUl+q2LQx16MISgJ0+z7dnmgvP9QtIleuETGOiOH1RcIw==
  dependencies:
    "@babel/highlight" "^7.10.4"

"@babel/code-frame@^7.10.4":
  version "7.14.5"
  resolved "https://registry.yarnpkg.com/@babel/code-frame/-/code-frame-7.14.5.tgz#23b08d740e83f49c5e59945fbf1b43e80bbf4edb"
  integrity sha512-9pzDqyc6OLDaqe+zbACgFkb6fKMNG6CObKpnYXChRsvYGyEdc7CA2BaqeOM+vOtCS5ndmJicPJhKAwYRI6UfFw==
  dependencies:
    "@babel/highlight" "^7.14.5"

"@babel/helper-validator-identifier@^7.14.5":
  version "7.14.5"
  resolved "https://registry.yarnpkg.com/@babel/helper-validator-identifier/-/helper-validator-identifier-7.14.5.tgz#d0f0e277c512e0c938277faa85a3968c9a44c0e8"
  integrity sha512-5lsetuxCLilmVGyiLEfoHBRX8UCFD+1m2x3Rj97WrW3V7H3u4RWRXA4evMjImCsin2J2YT0QaVDGf+z8ondbAg==

"@babel/highlight@^7.10.4", "@babel/highlight@^7.14.5":
  version "7.14.5"
  resolved "https://registry.yarnpkg.com/@babel/highlight/-/highlight-7.14.5.tgz#6861a52f03966405001f6aa534a01a24d99e8cd9"
  integrity sha512-qf9u2WFWVV0MppaL877j2dBtQIDgmidgjGk5VIMw3OadXvYaXn66U1BFlH2t4+t3i+8PhedppRv+i40ABzd+gg==
  dependencies:
    "@babel/helper-validator-identifier" "^7.14.5"
    chalk "^2.0.0"
    js-tokens "^4.0.0"

"@badrap/result@^0.2.8":
  version "0.2.8"
  resolved "https://registry.yarnpkg.com/@badrap/result/-/result-0.2.8.tgz#76b835c17c4c2d12575a4b205a7df3d14e3ad39c"
  integrity sha512-zC6LgWe8QWSTwxfQVoRyieFaTbCJ2WYvpJdZ0fONoUJT1ln/oWNb3zBPlPP5J9ehLAaFIZJ7aB8oISzYFs6grQ==

"@eslint/eslintrc@^0.4.2":
  version "0.4.2"
  resolved "https://registry.yarnpkg.com/@eslint/eslintrc/-/eslintrc-0.4.2.tgz#f63d0ef06f5c0c57d76c4ab5f63d3835c51b0179"
  integrity sha512-8nmGq/4ycLpIwzvhI4tNDmQztZ8sp+hI7cyG8i1nQDhkAbRzHpXPidRAHlNvCZQpJTKw5ItIpMw9RSToGF00mg==
  dependencies:
    ajv "^6.12.4"
    debug "^4.1.1"
    espree "^7.3.0"
    globals "^13.9.0"
    ignore "^4.0.6"
    import-fresh "^3.2.1"
    js-yaml "^3.13.1"
    minimatch "^3.0.4"
    strip-json-comments "^3.1.1"

"@fnando/sparkline@^0.3.10":
  version "0.3.10"
  resolved "https://registry.yarnpkg.com/@fnando/sparkline/-/sparkline-0.3.10.tgz#0cb6549a232af0f19f75b33d38fddd4f5ed9f086"
  integrity sha512-Rwz2swatdSU5F4sCOvYG8EOWdjtLgq5d8nmnqlZ3PXdWJI9Zq9BRUvJ/9ygjajJG8qOyNpMFX3GEVFjZIuB1Jg==

"@gulp-sourcemaps/identity-map@^2.0.1":
  version "2.0.1"
  resolved "https://registry.yarnpkg.com/@gulp-sourcemaps/identity-map/-/identity-map-2.0.1.tgz#a6e8b1abec8f790ec6be2b8c500e6e68037c0019"
  integrity sha512-Tb+nSISZku+eQ4X1lAkevcQa+jknn/OVUgZ3XCxEKIsLsqYuPoJwJOPQeaOk75X3WPftb29GWY1eqE7GLsXb1Q==
  dependencies:
    acorn "^6.4.1"
    normalize-path "^3.0.0"
    postcss "^7.0.16"
    source-map "^0.6.0"
    through2 "^3.0.1"
